// !$*UTF8*$!
{
	archiveVersion = 1;
	classes = {
	};
	objectVersion = 46;
	objects = {

/* Begin PBXBuildFile section */
		7D7E3EAE15E729FD00E3D9ED /* UIKit.framework in Frameworks */ = {isa = PBXBuildFile; fileRef = 7D7E3EAD15E729FD00E3D9ED /* UIKit.framework */; };
		7D7E3EB015E729FD00E3D9ED /* Foundation.framework in Frameworks */ = {isa = PBXBuildFile; fileRef = 7D7E3EAF15E729FD00E3D9ED /* Foundation.framework */; };
		7D7E3EB215E729FD00E3D9ED /* CoreGraphics.framework in Frameworks */ = {isa = PBXBuildFile; fileRef = 7D7E3EB115E729FD00E3D9ED /* CoreGraphics.framework */; };
		7D7E3EB815E729FD00E3D9ED /* InfoPlist.strings in Resources */ = {isa = PBXBuildFile; fileRef = 7D7E3EB615E729FD00E3D9ED /* InfoPlist.strings */; };
		7D7E3EBA15E729FD00E3D9ED /* main.m in Sources */ = {isa = PBXBuildFile; fileRef = 7D7E3EB915E729FD00E3D9ED /* main.m */; };
		7D7E3EBE15E729FD00E3D9ED /* uitableViewTestAppDelegate.m in Sources */ = {isa = PBXBuildFile; fileRef = 7D7E3EBD15E729FD00E3D9ED /* uitableViewTestAppDelegate.m */; };
		7D7E3EC115E729FD00E3D9ED /* MainStoryboard.storyboard in Resources */ = {isa = PBXBuildFile; fileRef = 7D7E3EBF15E729FD00E3D9ED /* MainStoryboard.storyboard */; };
		7D7E3EC415E729FD00E3D9ED /* uitableViewTestViewController.m in Sources */ = {isa = PBXBuildFile; fileRef = 7D7E3EC315E729FD00E3D9ED /* uitableViewTestViewController.m */; };
/* End PBXBuildFile section */

/* Begin PBXFileReference section */
		7D7E3EA915E729FD00E3D9ED /* uitableViewTest.app */ = {isa = PBXFileReference; explicitFileType = wrapper.application; includeInIndex = 0; path = uitableViewTest.app; sourceTree = BUILT_PRODUCTS_DIR; };
		7D7E3EAD15E729FD00E3D9ED /* UIKit.framework */ = {isa = PBXFileReference; lastKnownFileType = wrapper.framework; name = UIKit.framework; path = System/Library/Frameworks/UIKit.framework; sourceTree = SDKROOT; };
		7D7E3EAF15E729FD00E3D9ED /* Foundation.framework */ = {isa = PBXFileReference; lastKnownFileType = wrapper.framework; name = Foundation.framework; path = System/Library/Frameworks/Foundation.framework; sourceTree = SDKROOT; };
		7D7E3EB115E729FD00E3D9ED /* CoreGraphics.framework */ = {isa = PBXFileReference; lastKnownFileType = wrapper.framework; name = CoreGraphics.framework; path = System/Library/Frameworks/CoreGraphics.framework; sourceTree = SDKROOT; };
		7D7E3EB515E729FD00E3D9ED /* uitableViewTest-Info.plist */ = {isa = PBXFileReference; lastKnownFileType = text.plist.xml; path = "uitableViewTest-Info.plist"; sourceTree = "<group>"; };
		7D7E3EB715E729FD00E3D9ED /* en */ = {isa = PBXFileReference; lastKnownFileType = text.plist.strings; name = en; path = en.lproj/InfoPlist.strings; sourceTree = "<group>"; };
		7D7E3EB915E729FD00E3D9ED /* main.m */ = {isa = PBXFileReference; lastKnownFileType = sourcecode.c.objc; path = main.m; sourceTree = "<group>"; };
		7D7E3EBB15E729FD00E3D9ED /* uitableViewTest-Prefix.pch */ = {isa = PBXFileReference; lastKnownFileType = sourcecode.c.h; path = "uitableViewTest-Prefix.pch"; sourceTree = "<group>"; };
		7D7E3EBC15E729FD00E3D9ED /* uitableViewTestAppDelegate.h */ = {isa = PBXFileReference; lastKnownFileType = sourcecode.c.h; path = uitableViewTestAppDelegate.h; sourceTree = "<group>"; };
		7D7E3EBD15E729FD00E3D9ED /* uitableViewTestAppDelegate.m */ = {isa = PBXFileReference; lastKnownFileType = sourcecode.c.objc; path = uitableViewTestAppDelegate.m; sourceTree = "<group>"; };
		7D7E3EC015E729FD00E3D9ED /* en */ = {isa = PBXFileReference; lastKnownFileType = file.storyboard; name = en; path = en.lproj/MainStoryboard.storyboard; sourceTree = "<group>"; };
		7D7E3EC215E729FD00E3D9ED /* uitableViewTestViewController.h */ = {isa = PBXFileReference; lastKnownFileType = sourcecode.c.h; path = uitableViewTestViewController.h; sourceTree = "<group>"; };
		7D7E3EC315E729FD00E3D9ED /* uitableViewTestViewController.m */ = {isa = PBXFileReference; lastKnownFileType = sourcecode.c.objc; path = uitableViewTestViewController.m; sourceTree = "<group>"; };
/* End PBXFileReference section */

/* Begin PBXFrameworksBuildPhase section */
		7D7E3EA615E729FD00E3D9ED /* Frameworks */ = {
			isa = PBXFrameworksBuildPhase;
			buildActionMask = 2147483647;
			files = (
				7D7E3EAE15E729FD00E3D9ED /* UIKit.framework in Frameworks */,
				7D7E3EB015E729FD00E3D9ED /* Foundation.framework in Frameworks */,
				7D7E3EB215E729FD00E3D9ED /* CoreGraphics.framework in Frameworks */,
			);
			runOnlyForDeploymentPostprocessing = 0;
		};
/* End PBXFrameworksBuildPhase section */

/* Begin PBXGroup section */
		7D7E3E9E15E729FD00E3D9ED = {
			isa = PBXGroup;
			children = (
				7D7E3EB315E729FD00E3D9ED /* uitableViewTest */,
				7D7E3EAC15E729FD00E3D9ED /* Frameworks */,
				7D7E3EAA15E729FD00E3D9ED /* Products */,
			);
			sourceTree = "<group>";
		};
		7D7E3EAA15E729FD00E3D9ED /* Products */ = {
			isa = PBXGroup;
			children = (
				7D7E3EA915E729FD00E3D9ED /* uitableViewTest.app */,
			);
			name = Products;
			sourceTree = "<group>";
		};
		7D7E3EAC15E729FD00E3D9ED /* Frameworks */ = {
			isa = PBXGroup;
			children = (
				7D7E3EAD15E729FD00E3D9ED /* UIKit.framework */,
				7D7E3EAF15E729FD00E3D9ED /* Foundation.framework */,
				7D7E3EB115E729FD00E3D9ED /* CoreGraphics.framework */,
			);
			name = Frameworks;
			sourceTree = "<group>";
		};
		7D7E3EB315E729FD00E3D9ED /* uitableViewTest */ = {
			isa = PBXGroup;
			children = (
				7D7E3EBC15E729FD00E3D9ED /* uitableViewTestAppDelegate.h */,
				7D7E3EBD15E729FD00E3D9ED /* uitableViewTestAppDelegate.m */,
				7D7E3EBF15E729FD00E3D9ED /* MainStoryboard.storyboard */,
				7D7E3EC215E729FD00E3D9ED /* uitableViewTestViewController.h */,
				7D7E3EC315E729FD00E3D9ED /* uitableViewTestViewController.m */,
				7D7E3EB415E729FD00E3D9ED /* Supporting Files */,
			);
			path = uitableViewTest;
			sourceTree = "<group>";
		};
		7D7E3EB415E729FD00E3D9ED /* Supporting Files */ = {
			isa = PBXGroup;
			children = (
				7D7E3EB515E729FD00E3D9ED /* uitableViewTest-Info.plist */,
				7D7E3EB615E729FD00E3D9ED /* InfoPlist.strings */,
				7D7E3EB915E729FD00E3D9ED /* main.m */,
				7D7E3EBB15E729FD00E3D9ED /* uitableViewTest-Prefix.pch */,
			);
			name = "Supporting Files";
			sourceTree = "<group>";
		};
/* End PBXGroup section */

/* Begin PBXNativeTarget section */
		7D7E3EA815E729FD00E3D9ED /* uitableViewTest */ = {
			isa = PBXNativeTarget;
			buildConfigurationList = 7D7E3EC715E729FD00E3D9ED /* Build configuration list for PBXNativeTarget "uitableViewTest" */;
			buildPhases = (
				7D7E3EA515E729FD00E3D9ED /* Sources */,
				7D7E3EA615E729FD00E3D9ED /* Frameworks */,
				7D7E3EA715E729FD00E3D9ED /* Resources */,
			);
			buildRules = (
			);
			dependencies = (
			);
			name = uitableViewTest;
			productName = uitableViewTest;
			productReference = 7D7E3EA915E729FD00E3D9ED /* uitableViewTest.app */;
			productType = "com.apple.product-type.application";
		};
/* End PBXNativeTarget section */

/* Begin PBXProject section */
		7D7E3EA015E729FD00E3D9ED /* Project object */ = {
			isa = PBXProject;
			attributes = {
				CLASSPREFIX = uitableViewTest;
				LastUpgradeCheck = 0440;
				ORGANIZATIONNAME = En;
			};
			buildConfigurationList = 7D7E3EA315E729FD00E3D9ED /* Build configuration list for PBXProject "uitableViewTest" */;
			compatibilityVersion = "Xcode 3.2";
			developmentRegion = English;
			hasScannedForEncodings = 0;
			knownRegions = (
				en,
			);
			mainGroup = 7D7E3E9E15E729FD00E3D9ED;
			productRefGroup = 7D7E3EAA15E729FD00E3D9ED /* Products */;
			projectDirPath = "";
			projectRoot = "";
			targets = (
				7D7E3EA815E729FD00E3D9ED /* uitableViewTest */,
			);
		};
/* End PBXProject section */

/* Begin PBXResourcesBuildPhase section */
		7D7E3EA715E729FD00E3D9ED /* Resources */ = {
			isa = PBXResourcesBuildPhase;
			buildActionMask = 2147483647;
			files = (
				7D7E3EB815E729FD00E3D9ED /* InfoPlist.strings in Resources */,
				7D7E3EC115E729FD00E3D9ED /* MainStoryboard.storyboard in Resources */,
			);
			runOnlyForDeploymentPostprocessing = 0;
		};
/* End PBXResourcesBuildPhase section */

/* Begin PBXSourcesBuildPhase section */
		7D7E3EA515E729FD00E3D9ED /* Sources */ = {
			isa = PBXSourcesBuildPhase;
			buildActionMask = 2147483647;
			files = (
				7D7E3EBA15E729FD00E3D9ED /* main.m in Sources */,
				7D7E3EBE15E729FD00E3D9ED /* uitableViewTestAppDelegate.m in Sources */,
				7D7E3EC415E729FD00E3D9ED /* uitableViewTestViewController.m in Sources */,
			);
			runOnlyForDeploymentPostprocessing = 0;
		};
/* End PBXSourcesBuildPhase section */

/* Begin PBXVariantGroup section */
		7D7E3EB615E729FD00E3D9ED /* InfoPlist.strings */ = {
			isa = PBXVariantGroup;
			children = (
				7D7E3EB715E729FD00E3D9ED /* en */,
			);
			name = InfoPlist.strings;
			sourceTree = "<group>";
		};
		7D7E3EBF15E729FD00E3D9ED /* MainStoryboard.storyboard */ = {
			isa = PBXVariantGroup;
			children = (
				7D7E3EC015E729FD00E3D9ED /* en */,
			);
			name = MainStoryboard.storyboard;
			sourceTree = "<group>";
		};
/* End PBXVariantGroup section */

/* Begin XCBuildConfiguration section */
		7D7E3EC515E729FD00E3D9ED /* Debug */ = {
			isa = XCBuildConfiguration;
			buildSettings = {
				ALWAYS_SEARCH_USER_PATHS = NO;
				ARCHS = "$(ARCHS_STANDARD_32_BIT)";
				CLANG_CXX_LANGUAGE_STANDARD = "gnu++0x";
				CLANG_ENABLE_OBJC_ARC = YES;
				CLANG_WARN__DUPLICATE_METHOD_MATCH = YES;
				"CODE_SIGN_IDENTITY[sdk=iphoneos*]" = "";
				COPY_PHASE_STRIP = NO;
				GCC_C_LANGUAGE_STANDARD = gnu99;
				GCC_DYNAMIC_NO_PIC = NO;
				GCC_OPTIMIZATION_LEVEL = 0;
				GCC_PREPROCESSOR_DEFINITIONS = (
					"DEBUG=1",
					"$(inherited)",
				);
				GCC_SYMBOLS_PRIVATE_EXTERN = NO;
				GCC_VERSION = com.apple.compilers.llvm.clang.1_0;
				GCC_WARN_ABOUT_RETURN_TYPE = YES;
				GCC_WARN_UNINITIALIZED_AUTOS = YES;
				GCC_WARN_UNUSED_VARIABLE = YES;
				IPHONEOS_DEPLOYMENT_TARGET = 5.1;
				SDKROOT = iphoneos;
			};
			name = Debug;
		};
		7D7E3EC615E729FD00E3D9ED /* Release */ = {
			isa = XCBuildConfiguration;
			buildSettings = {
				ALWAYS_SEARCH_USER_PATHS = NO;
				ARCHS = "$(ARCHS_STANDARD_32_BIT)";
				CLANG_CXX_LANGUAGE_STANDARD = "gnu++0x";
				CLANG_ENABLE_OBJC_ARC = YES;
				CLANG_WARN__DUPLICATE_METHOD_MATCH = YES;
				"CODE_SIGN_IDENTITY[sdk=iphoneos*]" = "";
				COPY_PHASE_STRIP = YES;
				GCC_C_LANGUAGE_STANDARD = gnu99;
				GCC_VERSION = com.apple.compilers.llvm.clang.1_0;
				GCC_WARN_ABOUT_RETURN_TYPE = YES;
				GCC_WARN_UNINITIALIZED_AUTOS = YES;
				GCC_WARN_UNUSED_VARIABLE = YES;
				IPHONEOS_DEPLOYMENT_TARGET = 5.1;
				OTHER_CFLAGS = "-DNS_BLOCK_ASSERTIONS=1";
				SDKROOT = iphoneos;
				VALIDATE_PRODUCT = YES;
			};
			name = Release;
		};
		7D7E3EC815E729FD00E3D9ED /* Debug */ = {
			isa = XCBuildConfiguration;
			buildSettings = {
				GCC_PRECOMPILE_PREFIX_HEADER = YES;
				GCC_PREFIX_HEADER = "uitableViewTest/uitableViewTest-Prefix.pch";
				INFOPLIST_FILE = "uitableViewTest/uitableViewTest-Info.plist";
				PRODUCT_NAME = "$(TARGET_NAME)";
				WRAPPER_EXTENSION = app;
			};
			name = Debug;
		};
		7D7E3EC915E729FD00E3D9ED /* Release */ = {
			isa = XCBuildConfiguration;
			buildSettings = {
				GCC_PRECOMPILE_PREFIX_HEADER = YES;
				GCC_PREFIX_HEADER = "uitableViewTest/uitableViewTest-Prefix.pch";
				INFOPLIST_FILE = "uitableViewTest/uitableViewTest-Info.plist";
				PRODUCT_NAME = "$(TARGET_NAME)";
				WRAPPER_EXTENSION = app;
			};
			name = Release;
		};
/* End XCBuildConfiguration section */

/* Begin XCConfigurationList section */
		7D7E3EA315E729FD00E3D9ED /* Build configuration list for PBXProject "uitableViewTest" */ = {
			isa = XCConfigurationList;
			buildConfigurations = (
				7D7E3EC515E729FD00E3D9ED /* Debug */,
				7D7E3EC615E729FD00E3D9ED /* Release */,
			);
			defaultConfigurationIsVisible = 0;
			defaultConfigurationName = Release;
		};
		7D7E3EC715E729FD00E3D9ED /* Build configuration list for PBXNativeTarget "uitableViewTest" */ = {
			isa = XCConfigurationList;
			buildConfigurations = (
				7D7E3EC815E729FD00E3D9ED /* Debug */,
				7D7E3EC915E729FD00E3D9ED /* Release */,
			);
			defaultConfigurationIsVisible = 0;
		};
/* End XCConfigurationList section */
	};
	rootObject = 7D7E3EA015E729FD00E3D9ED /* Project object */;
}
